
Microsoft Visual Studio Solution File, Format Version 12.00
# Visual Studio Version 17
VisualStudioVersion = 17.9.34728.123
MinimumVisualStudioVersion = 10.0.40219.1
Project("{FAE04EC0-301F-11D3-BF4B-00C04F79EFBC}") = "BFS", "BFS.csproj", "{EF9B9EE7-007B-4D65-ADE9-6FE941F130C9}"
EndProject
Global
	GlobalSection(SolutionConfigurationPlatforms) = preSolution
		Debug|Any CPU = Debug|Any CPU
		Release|Any CPU = Release|Any CPU
	EndGlobalSection
	GlobalSection(ProjectConfigurationPlatforms) = postSolution
		{EF9B9EE7-007B-4D65-ADE9-6FE941F130C9}.Debug|Any CPU.ActiveCfg = Debug|Any CPU
		{EF9B9EE7-007B-4D65-ADE9-6FE941F130C9}.Debug|Any CPU.Build.0 = Debug|Any CPU
		{EF9B9EE7-007B-4D65-ADE9-6FE941F130C9}.Release|Any CPU.ActiveCfg = Release|Any CPU
		{EF9B9EE7-007B-4D65-ADE9-6FE941F130C9}.Release|Any CPU.Build.0 = Release|Any CPU
	EndGlobalSection
	GlobalSection(SolutionProperties) = preSolution
		HideSolutionNode = FALSE
	EndGlobalSection
	GlobalSection(ExtensibilityGlobals) = postSolution
		SolutionGuid = {BA67786F-2ECD-4269-940C-8AD6F554806C}
	EndGlobalSection
EndGlobal
